
Microsoft Visual Studio Solution File, Format Version 12.00
# Visual Studio Version 17
VisualStudioVersion = 17.6.33829.357
MinimumVisualStudioVersion = 10.0.40219.1
Project("{FAE04EC0-301F-11D3-BF4B-00C04F79EFBC}") = "SantoshAzure", "SantoshAzure.csproj", "{06305BA3-FD1E-4C9F-8D22-9E0522B8992D}"
EndProject
Global
	GlobalSection(SolutionConfigurationPlatforms) = preSolution
		Debug|Any CPU = Debug|Any CPU
		Release|Any CPU = Release|Any CPU
	EndGlobalSection
	GlobalSection(ProjectConfigurationPlatforms) = postSolution
		{06305BA3-FD1E-4C9F-8D22-9E0522B8992D}.Debug|Any CPU.ActiveCfg = Debug|Any CPU
		{06305BA3-FD1E-4C9F-8D22-9E0522B8992D}.Debug|Any CPU.Build.0 = Debug|Any CPU
		{06305BA3-FD1E-4C9F-8D22-9E0522B8992D}.Release|Any CPU.ActiveCfg = Release|Any CPU
		{06305BA3-FD1E-4C9F-8D22-9E0522B8992D}.Release|Any CPU.Build.0 = Release|Any CPU
	EndGlobalSection
	GlobalSection(SolutionProperties) = preSolution
		HideSolutionNode = FALSE
	EndGlobalSection
	GlobalSection(ExtensibilityGlobals) = postSolution
		SolutionGuid = {685D9AFF-9384-4FE2-9CA6-8D0D378CAAEF}
	EndGlobalSection
EndGlobal
